
Microsoft Visual Studio Solution File, Format Version 12.00
# Visual Studio Version 17
VisualStudioVersion = 17.0.31903.59
MinimumVisualStudioVersion = 10.0.40219.1
Project("{FAE04EC0-301F-11D3-BF4B-00C04F79EFBC}") = "TMF.NET", "src\TMF.NET\TMF.NET.csproj", "{0AA2A290-AC3E-4A38-8559-1953452AC71A}"
EndProject
Project("{FAE04EC0-301F-11D3-BF4B-00C04F79EFBC}") = "TMF.NET.Demo", "src\TMF.NET.Demo\TMF.NET.Demo.csproj", "{1A828A59-B240-4AB5-A00D-7E1719199DC1}"
EndProject
Global
	GlobalSection(SolutionConfigurationPlatforms) = preSolution
		Debug|Any CPU = Debug|Any CPU
		Release|Any CPU = Release|Any CPU
	EndGlobalSection
	GlobalSection(ProjectConfigurationPlatforms) = postSolution
		{0AA2A290-AC3E-4A38-8559-1953452AC71A}.Debug|Any CPU.ActiveCfg = Debug|Any CPU
		{0AA2A290-AC3E-4A38-8559-1953452AC71A}.Debug|Any CPU.Build.0 = Debug|Any CPU
		{0AA2A290-AC3E-4A38-8559-1953452AC71A}.Release|Any CPU.ActiveCfg = Release|Any CPU
		{0AA2A290-AC3E-4A38-8559-1953452AC71A}.Release|Any CPU.Build.0 = Release|Any CPU
		{1A828A59-B240-4AB5-A00D-7E1719199DC1}.Debug|Any CPU.ActiveCfg = Debug|Any CPU
		{1A828A59-B240-4AB5-A00D-7E1719199DC1}.Debug|Any CPU.Build.0 = Debug|Any CPU
		{1A828A59-B240-4AB5-A00D-7E1719199DC1}.Release|Any CPU.ActiveCfg = Release|Any CPU
		{1A828A59-B240-4AB5-A00D-7E1719199DC1}.Release|Any CPU.Build.0 = Release|Any CPU
	EndGlobalSection
	GlobalSection(SolutionProperties) = preSolution
		HideSolutionNode = FALSE
	EndGlobalSection
	GlobalSection(ExtensibilityGlobals) = postSolution
		SolutionGuid = {3BC69AFA-24CB-4099-A271-9A46339D9378}
	EndGlobalSection
EndGlobal
